
Microsoft Visual Studio Solution File, Format Version 12.00
# Visual Studio Version 17
VisualStudioVersion = 17.0.32126.317
MinimumVisualStudioVersion = 10.0.40219.1
Project("{FAE04EC0-301F-11D3-BF4B-00C04F79EFBC}") = "sampleGitRepoApp", "sampleGitRepoApp\sampleGitRepoApp.csproj", "{126D7782-F474-4DA6-AC27-F623FA8B62F6}"
EndProject
Global
	GlobalSection(SolutionConfigurationPlatforms) = preSolution
		Debug|Any CPU = Debug|Any CPU
		Release|Any CPU = Release|Any CPU
	EndGlobalSection
	GlobalSection(ProjectConfigurationPlatforms) = postSolution
		{126D7782-F474-4DA6-AC27-F623FA8B62F6}.Debug|Any CPU.ActiveCfg = Debug|Any CPU
		{126D7782-F474-4DA6-AC27-F623FA8B62F6}.Debug|Any CPU.Build.0 = Debug|Any CPU
		{126D7782-F474-4DA6-AC27-F623FA8B62F6}.Release|Any CPU.ActiveCfg = Release|Any CPU
		{126D7782-F474-4DA6-AC27-F623FA8B62F6}.Release|Any CPU.Build.0 = Release|Any CPU
	EndGlobalSection
	GlobalSection(SolutionProperties) = preSolution
		HideSolutionNode = FALSE
	EndGlobalSection
	GlobalSection(ExtensibilityGlobals) = postSolution
		SolutionGuid = {0DDBDF52-4183-470B-A690-451A9B42F349}
	EndGlobalSection
EndGlobal
